
Microsoft Visual Studio Solution File, Format Version 12.00
# Visual Studio Version 16
VisualStudioVersion = 16.0.29505.145
MinimumVisualStudioVersion = 10.0.40219.1
Project("{FAE04EC0-301F-11D3-BF4B-00C04F79EFBC}") = "AadModernization", "AadModernization\AadModernization.csproj", "{18A7F038-6706-4B0C-ABDA-CCF9C507DD27}"
EndProject
Project("{2150E333-8FDC-42A3-9474-1A3956D46DE8}") = "stuff", "stuff", "{862C6960-5BDD-4FA5-A5C0-75CA824F04B1}"
	ProjectSection(SolutionItems) = preProject
		assets\00-assign-roles.png = assets\00-assign-roles.png
		readme.md = readme.md
	EndProjectSection
EndProject
Global
	GlobalSection(SolutionConfigurationPlatforms) = preSolution
		Debug|Any CPU = Debug|Any CPU
		Release|Any CPU = Release|Any CPU
	EndGlobalSection
	GlobalSection(ProjectConfigurationPlatforms) = postSolution
		{18A7F038-6706-4B0C-ABDA-CCF9C507DD27}.Debug|Any CPU.ActiveCfg = Debug|Any CPU
		{18A7F038-6706-4B0C-ABDA-CCF9C507DD27}.Debug|Any CPU.Build.0 = Debug|Any CPU
		{18A7F038-6706-4B0C-ABDA-CCF9C507DD27}.Release|Any CPU.ActiveCfg = Release|Any CPU
		{18A7F038-6706-4B0C-ABDA-CCF9C507DD27}.Release|Any CPU.Build.0 = Release|Any CPU
	EndGlobalSection
	GlobalSection(SolutionProperties) = preSolution
		HideSolutionNode = FALSE
	EndGlobalSection
	GlobalSection(ExtensibilityGlobals) = postSolution
		SolutionGuid = {57F57BBD-3408-4CA2-A294-2C3D4CCC5AE5}
	EndGlobalSection
EndGlobal
